// !$*UTF8*$!
{
	archiveVersion = 1;
	classes = {
	};
	objectVersion = 56;
	objects = {

/* Begin PBXBuildFile section */
		033BBD002A3B8E6C0043F081 /* HomeWithGoogle.swift in Sources */ = {isa = PBXBuildFile; fileRef = 033BBCFF2A3B8E6C0043F081 /* HomeWithGoogle.swift */; };
		033BBD022A3B8EDB0043F081 /* MapViewControllerBridge.swift in Sources */ = {isa = PBXBuildFile; fileRef = 033BBD012A3B8EDB0043F081 /* MapViewControllerBridge.swift */; };
		033BBD052A3B91520043F081 /* simpleToast.swift in Sources */ = {isa = PBXBuildFile; fileRef = 033BBD042A3B91520043F081 /* simpleToast.swift */; };
		033BBD072A3B9BFA0043F081 /* ApiManagerRidery.swift in Sources */ = {isa = PBXBuildFile; fileRef = 033BBD062A3B9BFA0043F081 /* ApiManagerRidery.swift */; };
		033BBD0B2A3B9F8B0043F081 /* UserViewModel.swift in Sources */ = {isa = PBXBuildFile; fileRef = 033BBD0A2A3B9F8B0043F081 /* UserViewModel.swift */; };
		03C00CC62A39B24B008AADF6 /* RideryTestApp.swift in Sources */ = {isa = PBXBuildFile; fileRef = 03C00CC52A39B24B008AADF6 /* RideryTestApp.swift */; };
		03C00CCA2A39B24C008AADF6 /* Assets.xcassets in Resources */ = {isa = PBXBuildFile; fileRef = 03C00CC92A39B24C008AADF6 /* Assets.xcassets */; };
		03C00CCD2A39B24C008AADF6 /* Preview Assets.xcassets in Resources */ = {isa = PBXBuildFile; fileRef = 03C00CCC2A39B24C008AADF6 /* Preview Assets.xcassets */; };
		03C00CD72A39B699008AADF6 /* UserModel.swift in Sources */ = {isa = PBXBuildFile; fileRef = 03C00CD62A39B699008AADF6 /* UserModel.swift */; };
		03C00CDB2A39B880008AADF6 /* HomeView.swift in Sources */ = {isa = PBXBuildFile; fileRef = 03C00CDA2A39B880008AADF6 /* HomeView.swift */; };
		03C00CDD2A39B923008AADF6 /* SaveData.swift in Sources */ = {isa = PBXBuildFile; fileRef = 03C00CDC2A39B923008AADF6 /* SaveData.swift */; };
		03C00CDF2A39BA84008AADF6 /* Constant.swift in Sources */ = {isa = PBXBuildFile; fileRef = 03C00CDE2A39BA84008AADF6 /* Constant.swift */; };
		03C00CE12A39C39B008AADF6 /* LogInService.swift in Sources */ = {isa = PBXBuildFile; fileRef = 03C00CE02A39C39B008AADF6 /* LogInService.swift */; };
		03C00CE32A39D16E008AADF6 /* TFManager.swift in Sources */ = {isa = PBXBuildFile; fileRef = 03C00CE22A39D16E008AADF6 /* TFManager.swift */; };
		03C00CE62A39E8C1008AADF6 /* rideryTextField.swift in Sources */ = {isa = PBXBuildFile; fileRef = 03C00CE52A39E8C1008AADF6 /* rideryTextField.swift */; };
		03C00CE82A39FBD4008AADF6 /* rideryButton.swift in Sources */ = {isa = PBXBuildFile; fileRef = 03C00CE72A39FBD4008AADF6 /* rideryButton.swift */; };
		03C00CEA2A3A1B25008AADF6 /* RideryLocationViewModel.swift in Sources */ = {isa = PBXBuildFile; fileRef = 03C00CE92A3A1B25008AADF6 /* RideryLocationViewModel.swift */; };
		03C00CEC2A3A243A008AADF6 /* RideryDrawer.swift in Sources */ = {isa = PBXBuildFile; fileRef = 03C00CEB2A3A243A008AADF6 /* RideryDrawer.swift */; };
		03C00CEE2A3A4DCF008AADF6 /* RideryRefreshControl.swift in Sources */ = {isa = PBXBuildFile; fileRef = 03C00CED2A3A4DCF008AADF6 /* RideryRefreshControl.swift */; };
		03C00CF02A3A5938008AADF6 /* EditProfileSwift.swift in Sources */ = {isa = PBXBuildFile; fileRef = 03C00CEF2A3A5938008AADF6 /* EditProfileSwift.swift */; };
		03F1E58E2A3B506A003F4D18 /* CGFloat+Extension.swift in Sources */ = {isa = PBXBuildFile; fileRef = 03F1E58D2A3B506A003F4D18 /* CGFloat+Extension.swift */; };
		03F1E5902A3B50DC003F4D18 /* Color+Extension.swift in Sources */ = {isa = PBXBuildFile; fileRef = 03F1E58F2A3B50DC003F4D18 /* Color+Extension.swift */; };
		03F1E5922A3B6289003F4D18 /* SQLiteRideryViewModel.swift in Sources */ = {isa = PBXBuildFile; fileRef = 03F1E5912A3B6289003F4D18 /* SQLiteRideryViewModel.swift */; };
		03F1E5932A3B7C9A003F4D18 /* ContentView.swift in Sources */ = {isa = PBXBuildFile; fileRef = 03C00CC72A39B24B008AADF6 /* ContentView.swift */; };
		0ECE15AAF4326CBE655724E8 /* Pods_RideryTest.framework in Frameworks */ = {isa = PBXBuildFile; fileRef = 658A825661545A85B84614EB /* Pods_RideryTest.framework */; };
/* End PBXBuildFile section */

/* Begin PBXFileReference section */
		01E87EB021B70BBC1516516E /* Pods-RideryTest.release.xcconfig */ = {isa = PBXFileReference; includeInIndex = 1; lastKnownFileType = text.xcconfig; name = "Pods-RideryTest.release.xcconfig"; path = "Target Support Files/Pods-RideryTest/Pods-RideryTest.release.xcconfig"; sourceTree = "<group>"; };
		033BBCFF2A3B8E6C0043F081 /* HomeWithGoogle.swift */ = {isa = PBXFileReference; lastKnownFileType = sourcecode.swift; path = HomeWithGoogle.swift; sourceTree = "<group>"; };
		033BBD012A3B8EDB0043F081 /* MapViewControllerBridge.swift */ = {isa = PBXFileReference; lastKnownFileType = sourcecode.swift; path = MapViewControllerBridge.swift; sourceTree = "<group>"; };
		033BBD042A3B91520043F081 /* simpleToast.swift */ = {isa = PBXFileReference; lastKnownFileType = sourcecode.swift; path = simpleToast.swift; sourceTree = "<group>"; };
		033BBD062A3B9BFA0043F081 /* ApiManagerRidery.swift */ = {isa = PBXFileReference; lastKnownFileType = sourcecode.swift; path = ApiManagerRidery.swift; sourceTree = "<group>"; };
		033BBD0A2A3B9F8B0043F081 /* UserViewModel.swift */ = {isa = PBXFileReference; lastKnownFileType = sourcecode.swift; path = UserViewModel.swift; sourceTree = "<group>"; };
		03C00CC22A39B24B008AADF6 /* RideryTest.app */ = {isa = PBXFileReference; explicitFileType = wrapper.application; includeInIndex = 0; path = RideryTest.app; sourceTree = BUILT_PRODUCTS_DIR; };
		03C00CC52A39B24B008AADF6 /* RideryTestApp.swift */ = {isa = PBXFileReference; lastKnownFileType = sourcecode.swift; path = RideryTestApp.swift; sourceTree = "<group>"; };
		03C00CC72A39B24B008AADF6 /* ContentView.swift */ = {isa = PBXFileReference; lastKnownFileType = sourcecode.swift; path = ContentView.swift; sourceTree = "<group>"; };
		03C00CC92A39B24C008AADF6 /* Assets.xcassets */ = {isa = PBXFileReference; lastKnownFileType = folder.assetcatalog; path = Assets.xcassets; sourceTree = "<group>"; };
		03C00CCC2A39B24C008AADF6 /* Preview Assets.xcassets */ = {isa = PBXFileReference; lastKnownFileType = folder.assetcatalog; path = "Preview Assets.xcassets"; sourceTree = "<group>"; };
		03C00CD62A39B699008AADF6 /* UserModel.swift */ = {isa = PBXFileReference; lastKnownFileType = sourcecode.swift; path = UserModel.swift; sourceTree = "<group>"; };
		03C00CDA2A39B880008AADF6 /* HomeView.swift */ = {isa = PBXFileReference; lastKnownFileType = sourcecode.swift; path = HomeView.swift; sourceTree = "<group>"; };
		03C00CDC2A39B923008AADF6 /* SaveData.swift */ = {isa = PBXFileReference; lastKnownFileType = sourcecode.swift; path = SaveData.swift; sourceTree = "<group>"; };
		03C00CDE2A39BA84008AADF6 /* Constant.swift */ = {isa = PBXFileReference; lastKnownFileType = sourcecode.swift; path = Constant.swift; sourceTree = "<group>"; };
		03C00CE02A39C39B008AADF6 /* LogInService.swift */ = {isa = PBXFileReference; lastKnownFileType = sourcecode.swift; path = LogInService.swift; sourceTree = "<group>"; };
		03C00CE22A39D16E008AADF6 /* TFManager.swift */ = {isa = PBXFileReference; lastKnownFileType = sourcecode.swift; path = TFManager.swift; sourceTree = "<group>"; };
		03C00CE52A39E8C1008AADF6 /* rideryTextField.swift */ = {isa = PBXFileReference; lastKnownFileType = sourcecode.swift; path = rideryTextField.swift; sourceTree = "<group>"; };
		03C00CE72A39FBD4008AADF6 /* rideryButton.swift */ = {isa = PBXFileReference; lastKnownFileType = sourcecode.swift; path = rideryButton.swift; sourceTree = "<group>"; };
		03C00CE92A3A1B25008AADF6 /* RideryLocationViewModel.swift */ = {isa = PBXFileReference; lastKnownFileType = sourcecode.swift; path = RideryLocationViewModel.swift; sourceTree = "<group>"; };
		03C00CEB2A3A243A008AADF6 /* RideryDrawer.swift */ = {isa = PBXFileReference; lastKnownFileType = sourcecode.swift; path = RideryDrawer.swift; sourceTree = "<group>"; };
		03C00CED2A3A4DCF008AADF6 /* RideryRefreshControl.swift */ = {isa = PBXFileReference; lastKnownFileType = sourcecode.swift; path = RideryRefreshControl.swift; sourceTree = "<group>"; };
		03C00CEF2A3A5938008AADF6 /* EditProfileSwift.swift */ = {isa = PBXFileReference; lastKnownFileType = sourcecode.swift; path = EditProfileSwift.swift; sourceTree = "<group>"; };
		03F1E58D2A3B506A003F4D18 /* CGFloat+Extension.swift */ = {isa = PBXFileReference; lastKnownFileType = sourcecode.swift; path = "CGFloat+Extension.swift"; sourceTree = "<group>"; };
		03F1E58F2A3B50DC003F4D18 /* Color+Extension.swift */ = {isa = PBXFileReference; lastKnownFileType = sourcecode.swift; path = "Color+Extension.swift"; sourceTree = "<group>"; };
		03F1E5912A3B6289003F4D18 /* SQLiteRideryViewModel.swift */ = {isa = PBXFileReference; lastKnownFileType = sourcecode.swift; path = SQLiteRideryViewModel.swift; sourceTree = "<group>"; };
		658A825661545A85B84614EB /* Pods_RideryTest.framework */ = {isa = PBXFileReference; explicitFileType = wrapper.framework; includeInIndex = 0; path = Pods_RideryTest.framework; sourceTree = BUILT_PRODUCTS_DIR; };
		73A0C0296B2A715A141972C8 /* Pods-RideryTest.debug.xcconfig */ = {isa = PBXFileReference; includeInIndex = 1; lastKnownFileType = text.xcconfig; name = "Pods-RideryTest.debug.xcconfig"; path = "Target Support Files/Pods-RideryTest/Pods-RideryTest.debug.xcconfig"; sourceTree = "<group>"; };
/* End PBXFileReference section */

/* Begin PBXFrameworksBuildPhase section */
		03C00CBF2A39B24B008AADF6 /* Frameworks */ = {
			isa = PBXFrameworksBuildPhase;
			buildActionMask = 2147483647;
			files = (
				0ECE15AAF4326CBE655724E8 /* Pods_RideryTest.framework in Frameworks */,
			);
			runOnlyForDeploymentPostprocessing = 0;
		};
/* End PBXFrameworksBuildPhase section */

/* Begin PBXGroup section */
		033BBD032A3B91290043F081 /* ExtraUiKitsSolutions */ = {
			isa = PBXGroup;
			children = (
				033BBD042A3B91520043F081 /* simpleToast.swift */,
			);
			path = ExtraUiKitsSolutions;
			sourceTree = "<group>";
		};
		03C00CB92A39B24B008AADF6 = {
			isa = PBXGroup;
			children = (
				03C00CC42A39B24B008AADF6 /* RideryTest */,
				03C00CC32A39B24B008AADF6 /* Products */,
				B07CCDD6ED483C9C57E4CE3A /* Pods */,
				D4FD87590220672E4FF7C555 /* Frameworks */,
			);
			sourceTree = "<group>";
		};
		03C00CC32A39B24B008AADF6 /* Products */ = {
			isa = PBXGroup;
			children = (
				03C00CC22A39B24B008AADF6 /* RideryTest.app */,
			);
			name = Products;
			sourceTree = "<group>";
		};
		03C00CC42A39B24B008AADF6 /* RideryTest */ = {
			isa = PBXGroup;
			children = (
				033BBD032A3B91290043F081 /* ExtraUiKitsSolutions */,
				03F1E58C2A3B5054003F4D18 /* Extensions */,
				03C00CE42A39E8A4008AADF6 /* ReusableViews */,
				03C00CD52A39B63E008AADF6 /* Model */,
				03C00CD42A39B630008AADF6 /* ViewModels */,
				03C00CD32A39B62A008AADF6 /* Views */,
				03C00CC52A39B24B008AADF6 /* RideryTestApp.swift */,
				03C00CC92A39B24C008AADF6 /* Assets.xcassets */,
				03C00CCB2A39B24C008AADF6 /* Preview Content */,
				03C00CDE2A39BA84008AADF6 /* Constant.swift */,
			);
			path = RideryTest;
			sourceTree = "<group>";
		};
		03C00CCB2A39B24C008AADF6 /* Preview Content */ = {
			isa = PBXGroup;
			children = (
				03C00CCC2A39B24C008AADF6 /* Preview Assets.xcassets */,
			);
			path = "Preview Content";
			sourceTree = "<group>";
		};
		03C00CD32A39B62A008AADF6 /* Views */ = {
			isa = PBXGroup;
			children = (
				03C00CC72A39B24B008AADF6 /* ContentView.swift */,
				03C00CDA2A39B880008AADF6 /* HomeView.swift */,
				03C00CEF2A3A5938008AADF6 /* EditProfileSwift.swift */,
				033BBCFF2A3B8E6C0043F081 /* HomeWithGoogle.swift */,
			);
			path = Views;
			sourceTree = "<group>";
		};
		03C00CD42A39B630008AADF6 /* ViewModels */ = {
			isa = PBXGroup;
			children = (
				03C00CDC2A39B923008AADF6 /* SaveData.swift */,
				03C00CE02A39C39B008AADF6 /* LogInService.swift */,
				03C00CE92A3A1B25008AADF6 /* RideryLocationViewModel.swift */,
				03F1E5912A3B6289003F4D18 /* SQLiteRideryViewModel.swift */,
				033BBD062A3B9BFA0043F081 /* ApiManagerRidery.swift */,
				033BBD0A2A3B9F8B0043F081 /* UserViewModel.swift */,
			);
			path = ViewModels;
			sourceTree = "<group>";
		};
		03C00CD52A39B63E008AADF6 /* Model */ = {
			isa = PBXGroup;
			children = (
				03C00CD62A39B699008AADF6 /* UserModel.swift */,
				03C00CE22A39D16E008AADF6 /* TFManager.swift */,
			);
			path = Model;
			sourceTree = "<group>";
		};
		03C00CE42A39E8A4008AADF6 /* ReusableViews */ = {
			isa = PBXGroup;
			children = (
				03C00CE52A39E8C1008AADF6 /* rideryTextField.swift */,
				03C00CE72A39FBD4008AADF6 /* rideryButton.swift */,
				03C00CEB2A3A243A008AADF6 /* RideryDrawer.swift */,
				03C00CED2A3A4DCF008AADF6 /* RideryRefreshControl.swift */,
			);
			path = ReusableViews;
			sourceTree = "<group>";
		};
		03F1E58C2A3B5054003F4D18 /* Extensions */ = {
			isa = PBXGroup;
			children = (
				03F1E58D2A3B506A003F4D18 /* CGFloat+Extension.swift */,
				03F1E58F2A3B50DC003F4D18 /* Color+Extension.swift */,
				033BBD012A3B8EDB0043F081 /* MapViewControllerBridge.swift */,
			);
			path = Extensions;
			sourceTree = "<group>";
		};
		B07CCDD6ED483C9C57E4CE3A /* Pods */ = {
			isa = PBXGroup;
			children = (
				73A0C0296B2A715A141972C8 /* Pods-RideryTest.debug.xcconfig */,
				01E87EB021B70BBC1516516E /* Pods-RideryTest.release.xcconfig */,
			);
			path = Pods;
			sourceTree = "<group>";
		};
		D4FD87590220672E4FF7C555 /* Frameworks */ = {
			isa = PBXGroup;
			children = (
				658A825661545A85B84614EB /* Pods_RideryTest.framework */,
			);
			name = Frameworks;
			sourceTree = "<group>";
		};
/* End PBXGroup section */

/* Begin PBXNativeTarget section */
		03C00CC12A39B24B008AADF6 /* RideryTest */ = {
			isa = PBXNativeTarget;
			buildConfigurationList = 03C00CD02A39B24C008AADF6 /* Build configuration list for PBXNativeTarget "RideryTest" */;
			buildPhases = (
				9E3EB9470A850719DA8F2722 /* [CP] Check Pods Manifest.lock */,
				03C00CBE2A39B24B008AADF6 /* Sources */,
				03C00CBF2A39B24B008AADF6 /* Frameworks */,
				03C00CC02A39B24B008AADF6 /* Resources */,
				7EA4933AB5C267BACF08ADBC /* [CP] Embed Pods Frameworks */,
				215A4FDB7E998A1BA9F7D587 /* [CP] Copy Pods Resources */,
			);
			buildRules = (
			);
			dependencies = (
			);
			name = RideryTest;
			productName = RideryTest;
			productReference = 03C00CC22A39B24B008AADF6 /* RideryTest.app */;
			productType = "com.apple.product-type.application";
		};
/* End PBXNativeTarget section */

/* Begin PBXProject section */
		03C00CBA2A39B24B008AADF6 /* Project object */ = {
			isa = PBXProject;
			attributes = {
				BuildIndependentTargetsInParallel = 1;
				LastSwiftUpdateCheck = 1420;
				LastUpgradeCheck = 1420;
				TargetAttributes = {
					03C00CC12A39B24B008AADF6 = {
						CreatedOnToolsVersion = 14.2;
					};
				};
			};
			buildConfigurationList = 03C00CBD2A39B24B008AADF6 /* Build configuration list for PBXProject "RideryTest" */;
			compatibilityVersion = "Xcode 14.0";
			developmentRegion = en;
			hasScannedForEncodings = 0;
			knownRegions = (
				en,
				Base,
			);
			mainGroup = 03C00CB92A39B24B008AADF6;
			productRefGroup = 03C00CC32A39B24B008AADF6 /* Products */;
			projectDirPath = "";
			projectRoot = "";
			targets = (
				03C00CC12A39B24B008AADF6 /* RideryTest */,
			);
		};
/* End PBXProject section */

/* Begin PBXResourcesBuildPhase section */
		03C00CC02A39B24B008AADF6 /* Resources */ = {
			isa = PBXResourcesBuildPhase;
			buildActionMask = 2147483647;
			files = (
				03C00CCD2A39B24C008AADF6 /* Preview Assets.xcassets in Resources */,
				03C00CCA2A39B24C008AADF6 /* Assets.xcassets in Resources */,
			);
			runOnlyForDeploymentPostprocessing = 0;
		};
/* End PBXResourcesBuildPhase section */

/* Begin PBXShellScriptBuildPhase section */
		215A4FDB7E998A1BA9F7D587 /* [CP] Copy Pods Resources */ = {
			isa = PBXShellScriptBuildPhase;
			buildActionMask = 2147483647;
			files = (
			);
			inputFileListPaths = (
				"${PODS_ROOT}/Target Support Files/Pods-RideryTest/Pods-RideryTest-resources-${CONFIGURATION}-input-files.xcfilelist",
			);
			name = "[CP] Copy Pods Resources";
			outputFileListPaths = (
				"${PODS_ROOT}/Target Support Files/Pods-RideryTest/Pods-RideryTest-resources-${CONFIGURATION}-output-files.xcfilelist",
			);
			runOnlyForDeploymentPostprocessing = 0;
			shellPath = /bin/sh;
			shellScript = "\"${PODS_ROOT}/Target Support Files/Pods-RideryTest/Pods-RideryTest-resources.sh\"\n";
			showEnvVarsInLog = 0;
		};
		7EA4933AB5C267BACF08ADBC /* [CP] Embed Pods Frameworks */ = {
			isa = PBXShellScriptBuildPhase;
			buildActionMask = 2147483647;
			files = (
			);
			inputFileListPaths = (
				"${PODS_ROOT}/Target Support Files/Pods-RideryTest/Pods-RideryTest-frameworks-${CONFIGURATION}-input-files.xcfilelist",
			);
			name = "[CP] Embed Pods Frameworks";
			outputFileListPaths = (
				"${PODS_ROOT}/Target Support Files/Pods-RideryTest/Pods-RideryTest-frameworks-${CONFIGURATION}-output-files.xcfilelist",
			);
			runOnlyForDeploymentPostprocessing = 0;
			shellPath = /bin/sh;
			shellScript = "\"${PODS_ROOT}/Target Support Files/Pods-RideryTest/Pods-RideryTest-frameworks.sh\"\n";
			showEnvVarsInLog = 0;
		};
		9E3EB9470A850719DA8F2722 /* [CP] Check Pods Manifest.lock */ = {
			isa = PBXShellScriptBuildPhase;
			buildActionMask = 2147483647;
			files = (
			);
			inputFileListPaths = (
			);
			inputPaths = (
				"${PODS_PODFILE_DIR_PATH}/Podfile.lock",
				"${PODS_ROOT}/Manifest.lock",
			);
			name = "[CP] Check Pods Manifest.lock";
			outputFileListPaths = (
			);
			outputPaths = (
				"$(DERIVED_FILE_DIR)/Pods-RideryTest-checkManifestLockResult.txt",
			);
			runOnlyForDeploymentPostprocessing = 0;
			shellPath = /bin/sh;
			shellScript = "diff \"${PODS_PODFILE_DIR_PATH}/Podfile.lock\" \"${PODS_ROOT}/Manifest.lock\" > /dev/null\nif [ $? != 0 ] ; then\n    # print error to STDERR\n    echo \"error: The sandbox is not in sync with the Podfile.lock. Run 'pod install' or update your CocoaPods installation.\" >&2\n    exit 1\nfi\n# This output is used by Xcode 'outputs' to avoid re-running this script phase.\necho \"SUCCESS\" > \"${SCRIPT_OUTPUT_FILE_0}\"\n";
			showEnvVarsInLog = 0;
		};
/* End PBXShellScriptBuildPhase section */

/* Begin PBXSourcesBuildPhase section */
		03C00CBE2A39B24B008AADF6 /* Sources */ = {
			isa = PBXSourcesBuildPhase;
			buildActionMask = 2147483647;
			files = (
				03C00CE12A39C39B008AADF6 /* LogInService.swift in Sources */,
				033BBD0B2A3B9F8B0043F081 /* UserViewModel.swift in Sources */,
				03C00CEA2A3A1B25008AADF6 /* RideryLocationViewModel.swift in Sources */,
				03C00CDB2A39B880008AADF6 /* HomeView.swift in Sources */,
				03C00CD72A39B699008AADF6 /* UserModel.swift in Sources */,
				03C00CC62A39B24B008AADF6 /* RideryTestApp.swift in Sources */,
				03C00CEE2A3A4DCF008AADF6 /* RideryRefreshControl.swift in Sources */,
				03F1E5902A3B50DC003F4D18 /* Color+Extension.swift in Sources */,
				033BBD002A3B8E6C0043F081 /* HomeWithGoogle.swift in Sources */,
				03F1E5932A3B7C9A003F4D18 /* ContentView.swift in Sources */,
				03C00CF02A3A5938008AADF6 /* EditProfileSwift.swift in Sources */,
				033BBD072A3B9BFA0043F081 /* ApiManagerRidery.swift in Sources */,
				03C00CDD2A39B923008AADF6 /* SaveData.swift in Sources */,
				03C00CE82A39FBD4008AADF6 /* rideryButton.swift in Sources */,
				03C00CDF2A39BA84008AADF6 /* Constant.swift in Sources */,
				03C00CEC2A3A243A008AADF6 /* RideryDrawer.swift in Sources */,
				03C00CE62A39E8C1008AADF6 /* rideryTextField.swift in Sources */,
				033BBD022A3B8EDB0043F081 /* MapViewControllerBridge.swift in Sources */,
				03C00CE32A39D16E008AADF6 /* TFManager.swift in Sources */,
				033BBD052A3B91520043F081 /* simpleToast.swift in Sources */,
				03F1E58E2A3B506A003F4D18 /* CGFloat+Extension.swift in Sources */,
				03F1E5922A3B6289003F4D18 /* SQLiteRideryViewModel.swift in Sources */,
			);
			runOnlyForDeploymentPostprocessing = 0;
		};
/* End PBXSourcesBuildPhase section */

/* Begin XCBuildConfiguration section */
		03C00CCE2A39B24C008AADF6 /* Debug */ = {
			isa = XCBuildConfiguration;
			buildSettings = {
				ALWAYS_SEARCH_USER_PATHS = NO;
				CLANG_ANALYZER_NONNULL = YES;
				CLANG_ANALYZER_NUMBER_OBJECT_CONVERSION = YES_AGGRESSIVE;
				CLANG_CXX_LANGUAGE_STANDARD = "gnu++20";
				CLANG_ENABLE_MODULES = YES;
				CLANG_ENABLE_OBJC_ARC = YES;
				CLANG_ENABLE_OBJC_WEAK = YES;
				CLANG_WARN_BLOCK_CAPTURE_AUTORELEASING = YES;
				CLANG_WARN_BOOL_CONVERSION = YES;
				CLANG_WARN_COMMA = YES;
				CLANG_WARN_CONSTANT_CONVERSION = YES;
				CLANG_WARN_DEPRECATED_OBJC_IMPLEMENTATIONS = YES;
				CLANG_WARN_DIRECT_OBJC_ISA_USAGE = YES_ERROR;
				CLANG_WARN_DOCUMENTATION_COMMENTS = YES;
				CLANG_WARN_EMPTY_BODY = YES;
				CLANG_WARN_ENUM_CONVERSION = YES;
				CLANG_WARN_INFINITE_RECURSION = YES;
				CLANG_WARN_INT_CONVERSION = YES;
				CLANG_WARN_NON_LITERAL_NULL_CONVERSION = YES;
				CLANG_WARN_OBJC_IMPLICIT_RETAIN_SELF = YES;
				CLANG_WARN_OBJC_LITERAL_CONVERSION = YES;
				CLANG_WARN_OBJC_ROOT_CLASS = YES_ERROR;
				CLANG_WARN_QUOTED_INCLUDE_IN_FRAMEWORK_HEADER = YES;
				CLANG_WARN_RANGE_LOOP_ANALYSIS = YES;
				CLANG_WARN_STRICT_PROTOTYPES = YES;
				CLANG_WARN_SUSPICIOUS_MOVE = YES;
				CLANG_WARN_UNGUARDED_AVAILABILITY = YES_AGGRESSIVE;
				CLANG_WARN_UNREACHABLE_CODE = YES;
				CLANG_WARN__DUPLICATE_METHOD_MATCH = YES;
				COPY_PHASE_STRIP = NO;
				DEBUG_INFORMATION_FORMAT = dwarf;
				ENABLE_STRICT_OBJC_MSGSEND = YES;
				ENABLE_TESTABILITY = YES;
				GCC_C_LANGUAGE_STANDARD = gnu11;
				GCC_DYNAMIC_NO_PIC = NO;
				GCC_NO_COMMON_BLOCKS = YES;
				GCC_OPTIMIZATION_LEVEL = 0;
				GCC_PREPROCESSOR_DEFINITIONS = (
					"DEBUG=1",
					"$(inherited)",
				);
				GCC_WARN_64_TO_32_BIT_CONVERSION = YES;
				GCC_WARN_ABOUT_RETURN_TYPE = YES_ERROR;
				GCC_WARN_UNDECLARED_SELECTOR = YES;
				GCC_WARN_UNINITIALIZED_AUTOS = YES_AGGRESSIVE;
				GCC_WARN_UNUSED_FUNCTION = YES;
				GCC_WARN_UNUSED_VARIABLE = YES;
				IPHONEOS_DEPLOYMENT_TARGET = 16.2;
				MTL_ENABLE_DEBUG_INFO = INCLUDE_SOURCE;
				MTL_FAST_MATH = YES;
				ONLY_ACTIVE_ARCH = YES;
				SDKROOT = iphoneos;
				SWIFT_ACTIVE_COMPILATION_CONDITIONS = DEBUG;
				SWIFT_OPTIMIZATION_LEVEL = "-Onone";
			};
			name = Debug;
		};
		03C00CCF2A39B24C008AADF6 /* Release */ = {
			isa = XCBuildConfiguration;
			buildSettings = {
				ALWAYS_SEARCH_USER_PATHS = NO;
				CLANG_ANALYZER_NONNULL = YES;
				CLANG_ANALYZER_NUMBER_OBJECT_CONVERSION = YES_AGGRESSIVE;
				CLANG_CXX_LANGUAGE_STANDARD = "gnu++20";
				CLANG_ENABLE_MODULES = YES;
				CLANG_ENABLE_OBJC_ARC = YES;
				CLANG_ENABLE_OBJC_WEAK = YES;
				CLANG_WARN_BLOCK_CAPTURE_AUTORELEASING = YES;
				CLANG_WARN_BOOL_CONVERSION = YES;
				CLANG_WARN_COMMA = YES;
				CLANG_WARN_CONSTANT_CONVERSION = YES;
				CLANG_WARN_DEPRECATED_OBJC_IMPLEMENTATIONS = YES;
				CLANG_WARN_DIRECT_OBJC_ISA_USAGE = YES_ERROR;
				CLANG_WARN_DOCUMENTATION_COMMENTS = YES;
				CLANG_WARN_EMPTY_BODY = YES;
				CLANG_WARN_ENUM_CONVERSION = YES;
				CLANG_WARN_INFINITE_RECURSION = YES;
				CLANG_WARN_INT_CONVERSION = YES;
				CLANG_WARN_NON_LITERAL_NULL_CONVERSION = YES;
				CLANG_WARN_OBJC_IMPLICIT_RETAIN_SELF = YES;
				CLANG_WARN_OBJC_LITERAL_CONVERSION = YES;
				CLANG_WARN_OBJC_ROOT_CLASS = YES_ERROR;
				CLANG_WARN_QUOTED_INCLUDE_IN_FRAMEWORK_HEADER = YES;
				CLANG_WARN_RANGE_LOOP_ANALYSIS = YES;
				CLANG_WARN_STRICT_PROTOTYPES = YES;
				CLANG_WARN_SUSPICIOUS_MOVE = YES;
				CLANG_WARN_UNGUARDED_AVAILABILITY = YES_AGGRESSIVE;
				CLANG_WARN_UNREACHABLE_CODE = YES;
				CLANG_WARN__DUPLICATE_METHOD_MATCH = YES;
				COPY_PHASE_STRIP = NO;
				DEBUG_INFORMATION_FORMAT = "dwarf-with-dsym";
				ENABLE_NS_ASSERTIONS = NO;
				ENABLE_STRICT_OBJC_MSGSEND = YES;
				GCC_C_LANGUAGE_STANDARD = gnu11;
				GCC_NO_COMMON_BLOCKS = YES;
				GCC_WARN_64_TO_32_BIT_CONVERSION = YES;
				GCC_WARN_ABOUT_RETURN_TYPE = YES_ERROR;
				GCC_WARN_UNDECLARED_SELECTOR = YES;
				GCC_WARN_UNINITIALIZED_AUTOS = YES_AGGRESSIVE;
				GCC_WARN_UNUSED_FUNCTION = YES;
				GCC_WARN_UNUSED_VARIABLE = YES;
				IPHONEOS_DEPLOYMENT_TARGET = 16.2;
				MTL_ENABLE_DEBUG_INFO = NO;
				MTL_FAST_MATH = YES;
				SDKROOT = iphoneos;
				SWIFT_COMPILATION_MODE = wholemodule;
				SWIFT_OPTIMIZATION_LEVEL = "-O";
				VALIDATE_PRODUCT = YES;
			};
			name = Release;
		};
		03C00CD12A39B24C008AADF6 /* Debug */ = {
			isa = XCBuildConfiguration;
			baseConfigurationReference = 73A0C0296B2A715A141972C8 /* Pods-RideryTest.debug.xcconfig */;
			buildSettings = {
				ASSETCATALOG_COMPILER_APPICON_NAME = AppIcon;
				ASSETCATALOG_COMPILER_GLOBAL_ACCENT_COLOR_NAME = AccentColor;
				CODE_SIGN_STYLE = Automatic;
				CURRENT_PROJECT_VERSION = 1;
				DEVELOPMENT_ASSET_PATHS = "\"RideryTest/Preview Content\"";
				ENABLE_PREVIEWS = YES;
				GENERATE_INFOPLIST_FILE = YES;
				INFOPLIST_KEY_UIApplicationSceneManifest_Generation = YES;
				INFOPLIST_KEY_UIApplicationSupportsIndirectInputEvents = YES;
				INFOPLIST_KEY_UILaunchScreen_Generation = YES;
				INFOPLIST_KEY_UISupportedInterfaceOrientations_iPad = "UIInterfaceOrientationPortrait UIInterfaceOrientationPortraitUpsideDown UIInterfaceOrientationLandscapeLeft UIInterfaceOrientationLandscapeRight";
				INFOPLIST_KEY_UISupportedInterfaceOrientations_iPhone = "UIInterfaceOrientationPortrait UIInterfaceOrientationLandscapeLeft UIInterfaceOrientationLandscapeRight";
				LD_RUNPATH_SEARCH_PATHS = (
					"$(inherited)",
					"@executable_path/Frameworks",
				);
				MARKETING_VERSION = 1.0;
				PRODUCT_BUNDLE_IDENTIFIER = com.luisguerra.RideryTest;
				PRODUCT_NAME = "$(TARGET_NAME)";
				SWIFT_EMIT_LOC_STRINGS = YES;
				SWIFT_VERSION = 5.0;
				TARGETED_DEVICE_FAMILY = "1,2";
			};
			name = Debug;
		};
		03C00CD22A39B24C008AADF6 /* Release */ = {
			isa = XCBuildConfiguration;
			baseConfigurationReference = 01E87EB021B70BBC1516516E /* Pods-RideryTest.release.xcconfig */;
			buildSettings = {
				ASSETCATALOG_COMPILER_APPICON_NAME = AppIcon;
				ASSETCATALOG_COMPILER_GLOBAL_ACCENT_COLOR_NAME = AccentColor;
				CODE_SIGN_STYLE = Automatic;
				CURRENT_PROJECT_VERSION = 1;
				DEVELOPMENT_ASSET_PATHS = "\"RideryTest/Preview Content\"";
				ENABLE_PREVIEWS = YES;
				GENERATE_INFOPLIST_FILE = YES;
				INFOPLIST_KEY_UIApplicationSceneManifest_Generation = YES;
				INFOPLIST_KEY_UIApplicationSupportsIndirectInputEvents = YES;
				INFOPLIST_KEY_UILaunchScreen_Generation = YES;
				INFOPLIST_KEY_UISupportedInterfaceOrientations_iPad = "UIInterfaceOrientationPortrait UIInterfaceOrientationPortraitUpsideDown UIInterfaceOrientationLandscapeLeft UIInterfaceOrientationLandscapeRight";
				INFOPLIST_KEY_UISupportedInterfaceOrientations_iPhone = "UIInterfaceOrientationPortrait UIInterfaceOrientationLandscapeLeft UIInterfaceOrientationLandscapeRight";
				LD_RUNPATH_SEARCH_PATHS = (
					"$(inherited)",
					"@executable_path/Frameworks",
				);
				MARKETING_VERSION = 1.0;
				PRODUCT_BUNDLE_IDENTIFIER = com.luisguerra.RideryTest;
				PRODUCT_NAME = "$(TARGET_NAME)";
				SWIFT_EMIT_LOC_STRINGS = YES;
				SWIFT_VERSION = 5.0;
				TARGETED_DEVICE_FAMILY = "1,2";
			};
			name = Release;
		};
/* End XCBuildConfiguration section */

/* Begin XCConfigurationList section */
		03C00CBD2A39B24B008AADF6 /* Build configuration list for PBXProject "RideryTest" */ = {
			isa = XCConfigurationList;
			buildConfigurations = (
				03C00CCE2A39B24C008AADF6 /* Debug */,
				03C00CCF2A39B24C008AADF6 /* Release */,
			);
			defaultConfigurationIsVisible = 0;
			defaultConfigurationName = Release;
		};
		03C00CD02A39B24C008AADF6 /* Build configuration list for PBXNativeTarget "RideryTest" */ = {
			isa = XCConfigurationList;
			buildConfigurations = (
				03C00CD12A39B24C008AADF6 /* Debug */,
				03C00CD22A39B24C008AADF6 /* Release */,
			);
			defaultConfigurationIsVisible = 0;
			defaultConfigurationName = Release;
		};
/* End XCConfigurationList section */
	};
	rootObject = 03C00CBA2A39B24B008AADF6 /* Project object */;
}
